Microsoft Visual Studio Solution File, Format Version 12.00
# Visual Studio Version 17
VisualStudioVersion = 17.5.2.0
MinimumVisualStudioVersion = 10.0.40219.1
Project("{FAE04EC0-301F-11D3-BF4B-00C04F79EFBC}") = "RedisPerformanceTest", "RedisPerformanceTest\RedisPerformanceTest.csproj", "{0B16D67E-452D-B254-2758-DA6606EC750A}"
EndProject
Global
	GlobalSection(SolutionConfigurationPlatforms) = preSolution
		Debug|Any CPU = Debug|Any CPU
		Release|Any CPU = Release|Any CPU
	EndGlobalSection
	GlobalSection(ProjectConfigurationPlatforms) = postSolution
		{0B16D67E-452D-B254-2758-DA6606EC750A}.Debug|Any CPU.ActiveCfg = Debug|Any CPU
		{0B16D67E-452D-B254-2758-DA6606EC750A}.Debug|Any CPU.Build.0 = Debug|Any CPU
		{0B16D67E-452D-B254-2758-DA6606EC750A}.Release|Any CPU.ActiveCfg = Release|Any CPU
		{0B16D67E-452D-B254-2758-DA6606EC750A}.Release|Any CPU.Build.0 = Release|Any CPU
	EndGlobalSection
	GlobalSection(SolutionProperties) = preSolution
		HideSolutionNode = FALSE
	EndGlobalSection
	GlobalSection(ExtensibilityGlobals) = postSolution
		SolutionGuid = {2F99915C-66C0-46AE-AC11-77D63C0AD165}
	EndGlobalSection
EndGlobal
